// !$*UTF8*$!
{
	archiveVersion = 1;
	classes = {
	};
	objectVersion = 50;
	objects = {

/* Begin PBXBuildFile section */
		E14EEC0525F9DF2B00F38756 /* AppDelegate.swift in Sources */ = {isa = PBXBuildFile; fileRef = E14EEC0425F9DF2B00F38756 /* AppDelegate.swift */; };
		E14EEC0725F9DF2B00F38756 /* SceneDelegate.swift in Sources */ = {isa = PBXBuildFile; fileRef = E14EEC0625F9DF2B00F38756 /* SceneDelegate.swift */; };
		E14EEC0925F9DF2B00F38756 /* ViewController.swift in Sources */ = {isa = PBXBuildFile; fileRef = E14EEC0825F9DF2B00F38756 /* ViewController.swift */; };
		E14EEC0C25F9DF2B00F38756 /* Main.storyboard in Resources */ = {isa = PBXBuildFile; fileRef = E14EEC0A25F9DF2B00F38756 /* Main.storyboard */; };
		E14EEC0E25F9DF2D00F38756 /* Assets.xcassets in Resources */ = {isa = PBXBuildFile; fileRef = E14EEC0D25F9DF2D00F38756 /* Assets.xcassets */; };
		E14EEC1125F9DF2D00F38756 /* LaunchScreen.storyboard in Resources */ = {isa = PBXBuildFile; fileRef = E14EEC0F25F9DF2D00F38756 /* LaunchScreen.storyboard */; };
/* End PBXBuildFile section */

/* Begin PBXFileReference section */
		E14EEC0125F9DF2B00F38756 /* Concentration.app */ = {isa = PBXFileReference; explicitFileType = wrapper.application; includeInIndex = 0; path = Concentration.app; sourceTree = BUILT_PRODUCTS_DIR; };
		E14EEC0425F9DF2B00F38756 /* AppDelegate.swift */ = {isa = PBXFileReference; lastKnownFileType = sourcecode.swift; path = AppDelegate.swift; sourceTree = "<group>"; };
		E14EEC0625F9DF2B00F38756 /* SceneDelegate.swift */ = {isa = PBXFileReference; lastKnownFileType = sourcecode.swift; path = SceneDelegate.swift; sourceTree = "<group>"; };
		E14EEC0825F9DF2B00F38756 /* ViewController.swift */ = {isa = PBXFileReference; lastKnownFileType = sourcecode.swift; path = ViewController.swift; sourceTree = "<group>"; };
		E14EEC0B25F9DF2B00F38756 /* Base */ = {isa = PBXFileReference; lastKnownFileType = file.storyboard; name = Base; path = Base.lproj/Main.storyboard; sourceTree = "<group>"; };
		E14EEC0D25F9DF2D00F38756 /* Assets.xcassets */ = {isa = PBXFileReference; lastKnownFileType = folder.assetcatalog; path = Assets.xcassets; sourceTree = "<group>"; };
		E14EEC1025F9DF2D00F38756 /* Base */ = {isa = PBXFileReference; lastKnownFileType = file.storyboard; name = Base; path = Base.lproj/LaunchScreen.storyboard; sourceTree = "<group>"; };
		E14EEC1225F9DF2D00F38756 /* Info.plist */ = {isa = PBXFileReference; lastKnownFileType = text.plist.xml; path = Info.plist; sourceTree = "<group>"; };
/* End PBXFileReference section */

/* Begin PBXFrameworksBuildPhase section */
		E14EEBFE25F9DF2B00F38756 /* Frameworks */ = {
			isa = PBXFrameworksBuildPhase;
			buildActionMask = 2147483647;
			files = (
			);
			runOnlyForDeploymentPostprocessing = 0;
		};
/* End PBXFrameworksBuildPhase section */

/* Begin PBXGroup section */
		E14EEBF825F9DF2A00F38756 = {
			isa = PBXGroup;
			children = (
				E14EEC0325F9DF2B00F38756 /* Concentration */,
				E14EEC0225F9DF2B00F38756 /* Products */,
			);
			sourceTree = "<group>";
		};
		E14EEC0225F9DF2B00F38756 /* Products */ = {
			isa = PBXGroup;
			children = (
				E14EEC0125F9DF2B00F38756 /* Concentration.app */,
			);
			name = Products;
			sourceTree = "<group>";
		};
		E14EEC0325F9DF2B00F38756 /* Concentration */ = {
			isa = PBXGroup;
			children = (
				E14EEC0425F9DF2B00F38756 /* AppDelegate.swift */,
				E14EEC0625F9DF2B00F38756 /* SceneDelegate.swift */,
				E14EEC0825F9DF2B00F38756 /* ViewController.swift */,
				E14EEC0A25F9DF2B00F38756 /* Main.storyboard */,
				E14EEC0D25F9DF2D00F38756 /* Assets.xcassets */,
				E14EEC0F25F9DF2D00F38756 /* LaunchScreen.storyboard */,
				E14EEC1225F9DF2D00F38756 /* Info.plist */,
			);
			path = Concentration;
			sourceTree = "<group>";
		};
/* End PBXGroup section */

/* Begin PBXNativeTarget section */
		E14EEC0025F9DF2B00F38756 /* Concentration */ = {
			isa = PBXNativeTarget;
			buildConfigurationList = E14EEC1525F9DF2D00F38756 /* Build configuration list for PBXNativeTarget "Concentration" */;
			buildPhases = (
				E14EEBFD25F9DF2B00F38756 /* Sources */,
				E14EEBFE25F9DF2B00F38756 /* Frameworks */,
				E14EEBFF25F9DF2B00F38756 /* Resources */,
			);
			buildRules = (
			);
			dependencies = (
			);
			name = Concentration;
			productName = Concentration;
			productReference = E14EEC0125F9DF2B00F38756 /* Concentration.app */;
			productType = "com.apple.product-type.application";
		};
/* End PBXNativeTarget section */

/* Begin PBXProject section */
		E14EEBF925F9DF2A00F38756 /* Project object */ = {
			isa = PBXProject;
			attributes = {
				LastSwiftUpdateCheck = 1240;
				LastUpgradeCheck = 1240;
				TargetAttributes = {
					E14EEC0025F9DF2B00F38756 = {
						CreatedOnToolsVersion = 12.4;
					};
				};
			};
			buildConfigurationList = E14EEBFC25F9DF2A00F38756 /* Build configuration list for PBXProject "Concentration" */;
			compatibilityVersion = "Xcode 9.3";
			developmentRegion = en;
			hasScannedForEncodings = 0;
			knownRegions = (
				en,
				Base,
			);
			mainGroup = E14EEBF825F9DF2A00F38756;
			productRefGroup = E14EEC0225F9DF2B00F38756 /* Products */;
			projectDirPath = "";
			projectRoot = "";
			targets = (
				E14EEC0025F9DF2B00F38756 /* Concentration */,
			);
		};
/* End PBXProject section */

/* Begin PBXResourcesBuildPhase section */
		E14EEBFF25F9DF2B00F38756 /* Resources */ = {
			isa = PBXResourcesBuildPhase;
			buildActionMask = 2147483647;
			files = (
				E14EEC1125F9DF2D00F38756 /* LaunchScreen.storyboard in Resources */,
				E14EEC0E25F9DF2D00F38756 /* Assets.xcassets in Resources */,
				E14EEC0C25F9DF2B00F38756 /* Main.storyboard in Resources */,
			);
			runOnlyForDeploymentPostprocessing = 0;
		};
/* End PBXResourcesBuildPhase section */

/* Begin PBXSourcesBuildPhase section */
		E14EEBFD25F9DF2B00F38756 /* Sources */ = {
			isa = PBXSourcesBuildPhase;
			buildActionMask = 2147483647;
			files = (
				E14EEC0925F9DF2B00F38756 /* ViewController.swift in Sources */,
				E14EEC0525F9DF2B00F38756 /* AppDelegate.swift in Sources */,
				E14EEC0725F9DF2B00F38756 /* SceneDelegate.swift in Sources */,
			);
			runOnlyForDeploymentPostprocessing = 0;
		};
/* End PBXSourcesBuildPhase section */

/* Begin PBXVariantGroup section */
		E14EEC0A25F9DF2B00F38756 /* Main.storyboard */ = {
			isa = PBXVariantGroup;
			children = (
				E14EEC0B25F9DF2B00F38756 /* Base */,
			);
			name = Main.storyboard;
			sourceTree = "<group>";
		};
		E14EEC0F25F9DF2D00F38756 /* LaunchScreen.storyboard */ = {
			isa = PBXVariantGroup;
			children = (
				E14EEC1025F9DF2D00F38756 /* Base */,
			);
			name = LaunchScreen.storyboard;
			sourceTree = "<group>";
		};
/* End PBXVariantGroup section */

/* Begin XCBuildConfiguration section */
		E14EEC1325F9DF2D00F38756 /* Debug */ = {
			isa = XCBuildConfiguration;
			buildSettings = {
				ALWAYS_SEARCH_USER_PATHS = NO;
				CLANG_ANALYZER_NONNULL = YES;
				CLANG_ANALYZER_NUMBER_OBJECT_CONVERSION = YES_AGGRESSIVE;
				CLANG_CXX_LANGUAGE_STANDARD = "gnu++14";
				CLANG_CXX_LIBRARY = "libc++";
				CLANG_ENABLE_MODULES = YES;
				CLANG_ENABLE_OBJC_ARC = YES;
				CLANG_ENABLE_OBJC_WEAK = YES;
				CLANG_WARN_BLOCK_CAPTURE_AUTORELEASING = YES;
				CLANG_WARN_BOOL_CONVERSION = YES;
				CLANG_WARN_COMMA = YES;
				CLANG_WARN_CONSTANT_CONVERSION = YES;
				CLANG_WARN_DEPRECATED_OBJC_IMPLEMENTATIONS = YES;
				CLANG_WARN_DIRECT_OBJC_ISA_USAGE = YES_ERROR;
				CLANG_WARN_DOCUMENTATION_COMMENTS = YES;
				CLANG_WARN_EMPTY_BODY = YES;
				CLANG_WARN_ENUM_CONVERSION = YES;
				CLANG_WARN_INFINITE_RECURSION = YES;
				CLANG_WARN_INT_CONVERSION = YES;
				CLANG_WARN_NON_LITERAL_NULL_CONVERSION = YES;
				CLANG_WARN_OBJC_IMPLICIT_RETAIN_SELF = YES;
				CLANG_WARN_OBJC_LITERAL_CONVERSION = YES;
				CLANG_WARN_OBJC_ROOT_CLASS = YES_ERROR;
				CLANG_WARN_QUOTED_INCLUDE_IN_FRAMEWORK_HEADER = YES;
				CLANG_WARN_RANGE_LOOP_ANALYSIS = YES;
				CLANG_WARN_STRICT_PROTOTYPES = YES;
				CLANG_WARN_SUSPICIOUS_MOVE = YES;
				CLANG_WARN_UNGUARDED_AVAILABILITY = YES_AGGRESSIVE;
				CLANG_WARN_UNREACHABLE_CODE = YES;
				CLANG_WARN__DUPLICATE_METHOD_MATCH = YES;
				COPY_PHASE_STRIP = NO;
				DEBUG_INFORMATION_FORMAT = dwarf;
				ENABLE_STRICT_OBJC_MSGSEND = YES;
				ENABLE_TESTABILITY = YES;
				GCC_C_LANGUAGE_STANDARD = gnu11;
				GCC_DYNAMIC_NO_PIC = NO;
				GCC_NO_COMMON_BLOCKS = YES;
				GCC_OPTIMIZATION_LEVEL = 0;
				GCC_PREPROCESSOR_DEFINITIONS = (
					"DEBUG=1",
					"$(inherited)",
				);
				GCC_WARN_64_TO_32_BIT_CONVERSION = YES;
				GCC_WARN_ABOUT_RETURN_TYPE = YES_ERROR;
				GCC_WARN_UNDECLARED_SELECTOR = YES;
				GCC_WARN_UNINITIALIZED_AUTOS = YES_AGGRESSIVE;
				GCC_WARN_UNUSED_FUNCTION = YES;
				GCC_WARN_UNUSED_VARIABLE = YES;
				IPHONEOS_DEPLOYMENT_TARGET = 14.4;
				MTL_ENABLE_DEBUG_INFO = INCLUDE_SOURCE;
				MTL_FAST_MATH = YES;
				ONLY_ACTIVE_ARCH = YES;
				SDKROOT = iphoneos;
				SWIFT_ACTIVE_COMPILATION_CONDITIONS = DEBUG;
				SWIFT_OPTIMIZATION_LEVEL = "-Onone";
			};
			name = Debug;
		};
		E14EEC1425F9DF2D00F38756 /* Release */ = {
			isa = XCBuildConfiguration;
			buildSettings = {
				ALWAYS_SEARCH_USER_PATHS = NO;
				CLANG_ANALYZER_NONNULL = YES;
				CLANG_ANALYZER_NUMBER_OBJECT_CONVERSION = YES_AGGRESSIVE;
				CLANG_CXX_LANGUAGE_STANDARD = "gnu++14";
				CLANG_CXX_LIBRARY = "libc++";
				CLANG_ENABLE_MODULES = YES;
				CLANG_ENABLE_OBJC_ARC = YES;
				CLANG_ENABLE_OBJC_WEAK = YES;
				CLANG_WARN_BLOCK_CAPTURE_AUTORELEASING = YES;
				CLANG_WARN_BOOL_CONVERSION = YES;
				CLANG_WARN_COMMA = YES;
				CLANG_WARN_CONSTANT_CONVERSION = YES;
				CLANG_WARN_DEPRECATED_OBJC_IMPLEMENTATIONS = YES;
				CLANG_WARN_DIRECT_OBJC_ISA_USAGE = YES_ERROR;
				CLANG_WARN_DOCUMENTATION_COMMENTS = YES;
				CLANG_WARN_EMPTY_BODY = YES;
				CLANG_WARN_ENUM_CONVERSION = YES;
				CLANG_WARN_INFINITE_RECURSION = YES;
				CLANG_WARN_INT_CONVERSION = YES;
				CLANG_WARN_NON_LITERAL_NULL_CONVERSION = YES;
				CLANG_WARN_OBJC_IMPLICIT_RETAIN_SELF = YES;
				CLANG_WARN_OBJC_LITERAL_CONVERSION = YES;
				CLANG_WARN_OBJC_ROOT_CLASS = YES_ERROR;
				CLANG_WARN_QUOTED_INCLUDE_IN_FRAMEWORK_HEADER = YES;
				CLANG_WARN_RANGE_LOOP_ANALYSIS = YES;
				CLANG_WARN_STRICT_PROTOTYPES = YES;
				CLANG_WARN_SUSPICIOUS_MOVE = YES;
				CLANG_WARN_UNGUARDED_AVAILABILITY = YES_AGGRESSIVE;
				CLANG_WARN_UNREACHABLE_CODE = YES;
				CLANG_WARN__DUPLICATE_METHOD_MATCH = YES;
				COPY_PHASE_STRIP = NO;
				DEBUG_INFORMATION_FORMAT = "dwarf-with-dsym";
				ENABLE_NS_ASSERTIONS = NO;
				ENABLE_STRICT_OBJC_MSGSEND = YES;
				GCC_C_LANGUAGE_STANDARD = gnu11;
				GCC_NO_COMMON_BLOCKS = YES;
				GCC_WARN_64_TO_32_BIT_CONVERSION = YES;
				GCC_WARN_ABOUT_RETURN_TYPE = YES_ERROR;
				GCC_WARN_UNDECLARED_SELECTOR = YES;
				GCC_WARN_UNINITIALIZED_AUTOS = YES_AGGRESSIVE;
				GCC_WARN_UNUSED_FUNCTION = YES;
				GCC_WARN_UNUSED_VARIABLE = YES;
				IPHONEOS_DEPLOYMENT_TARGET = 14.4;
				MTL_ENABLE_DEBUG_INFO = NO;
				MTL_FAST_MATH = YES;
				SDKROOT = iphoneos;
				SWIFT_COMPILATION_MODE = wholemodule;
				SWIFT_OPTIMIZATION_LEVEL = "-O";
				VALIDATE_PRODUCT = YES;
			};
			name = Release;
		};
		E14EEC1625F9DF2D00F38756 /* Debug */ = {
			isa = XCBuildConfiguration;
			buildSettings = {
				ASSETCATALOG_COMPILER_APPICON_NAME = AppIcon;
				ASSETCATALOG_COMPILER_GLOBAL_ACCENT_COLOR_NAME = AccentColor;
				CODE_SIGN_STYLE = Automatic;
				DEVELOPMENT_TEAM = 27X2892M52;
				INFOPLIST_FILE = Concentration/Info.plist;
				LD_RUNPATH_SEARCH_PATHS = (
					"$(inherited)",
					"@executable_path/Frameworks",
				);
				PRODUCT_BUNDLE_IDENTIFIER = jennmeedo.Concentration;
				PRODUCT_NAME = "$(TARGET_NAME)";
				SWIFT_VERSION = 5.0;
				TARGETED_DEVICE_FAMILY = "1,2";
			};
			name = Debug;
		};
		E14EEC1725F9DF2D00F38756 /* Release */ = {
			isa = XCBuildConfiguration;
			buildSettings = {
				ASSETCATALOG_COMPILER_APPICON_NAME = AppIcon;
				ASSETCATALOG_COMPILER_GLOBAL_ACCENT_COLOR_NAME = AccentColor;
				CODE_SIGN_STYLE = Automatic;
				DEVELOPMENT_TEAM = 27X2892M52;
				INFOPLIST_FILE = Concentration/Info.plist;
				LD_RUNPATH_SEARCH_PATHS = (
					"$(inherited)",
					"@executable_path/Frameworks",
				);
				PRODUCT_BUNDLE_IDENTIFIER = jennmeedo.Concentration;
				PRODUCT_NAME = "$(TARGET_NAME)";
				SWIFT_VERSION = 5.0;
				TARGETED_DEVICE_FAMILY = "1,2";
			};
			name = Release;
		};
/* End XCBuildConfiguration section */

/* Begin XCConfigurationList section */
		E14EEBFC25F9DF2A00F38756 /* Build configuration list for PBXProject "Concentration" */ = {
			isa = XCConfigurationList;
			buildConfigurations = (
				E14EEC1325F9DF2D00F38756 /* Debug */,
				E14EEC1425F9DF2D00F38756 /* Release */,
			);
			defaultConfigurationIsVisible = 0;
			defaultConfigurationName = Release;
		};
		E14EEC1525F9DF2D00F38756 /* Build configuration list for PBXNativeTarget "Concentration" */ = {
			isa = XCConfigurationList;
			buildConfigurations = (
				E14EEC1625F9DF2D00F38756 /* Debug */,
				E14EEC1725F9DF2D00F38756 /* Release */,
			);
			defaultConfigurationIsVisible = 0;
			defaultConfigurationName = Release;
		};
/* End XCConfigurationList section */
	};
	rootObject = E14EEBF925F9DF2A00F38756 /* Project object */;
}
